
Microsoft Visual Studio Solution File, Format Version 12.00
# Visual Studio 15
VisualStudioVersion = 15.0.27130.2010
MinimumVisualStudioVersion = 10.0.40219.1
Project("{FAE04EC0-301F-11D3-BF4B-00C04F79EFBC}") = "InnergyTask", "InnergyTask\InnergyTask.csproj", "{CEF4D5D3-7DF6-4714-93CB-51833329455D}"
EndProject
Project("{FAE04EC0-301F-11D3-BF4B-00C04F79EFBC}") = "InnergyTask.Tests", "InnergyTask.Tests\InnergyTask.Tests.csproj", "{AEA12FEA-F5E5-4B3C-B25D-436076483120}"
EndProject
Global
	GlobalSection(SolutionConfigurationPlatforms) = preSolution
		Debug|Any CPU = Debug|Any CPU
		Release|Any CPU = Release|Any CPU
	EndGlobalSection
	GlobalSection(ProjectConfigurationPlatforms) = postSolution
		{CEF4D5D3-7DF6-4714-93CB-51833329455D}.Debug|Any CPU.ActiveCfg = Debug|Any CPU
		{CEF4D5D3-7DF6-4714-93CB-51833329455D}.Debug|Any CPU.Build.0 = Debug|Any CPU
		{CEF4D5D3-7DF6-4714-93CB-51833329455D}.Release|Any CPU.ActiveCfg = Release|Any CPU
		{CEF4D5D3-7DF6-4714-93CB-51833329455D}.Release|Any CPU.Build.0 = Release|Any CPU
		{AEA12FEA-F5E5-4B3C-B25D-436076483120}.Debug|Any CPU.ActiveCfg = Debug|Any CPU
		{AEA12FEA-F5E5-4B3C-B25D-436076483120}.Debug|Any CPU.Build.0 = Debug|Any CPU
		{AEA12FEA-F5E5-4B3C-B25D-436076483120}.Release|Any CPU.ActiveCfg = Release|Any CPU
		{AEA12FEA-F5E5-4B3C-B25D-436076483120}.Release|Any CPU.Build.0 = Release|Any CPU
	EndGlobalSection
	GlobalSection(SolutionProperties) = preSolution
		HideSolutionNode = FALSE
	EndGlobalSection
	GlobalSection(ExtensibilityGlobals) = postSolution
		SolutionGuid = {B74CCFE4-D646-4677-90FF-5F717AB640C1}
	EndGlobalSection
EndGlobal
